// !$*UTF8*$!
{
	archiveVersion = 1;
	classes = {
	};
	objectVersion = 56;
	objects = {

/* Begin PBXBuildFile section */
		3B16F0152BEBA62900CF64DC /* AppDelegate.swift in Sources */ = {isa = PBXBuildFile; fileRef = 3B16F0142BEBA62900CF64DC /* AppDelegate.swift */; };
		3B16F0172BEBA62900CF64DC /* SceneDelegate.swift in Sources */ = {isa = PBXBuildFile; fileRef = 3B16F0162BEBA62900CF64DC /* SceneDelegate.swift */; };
		3B16F01E2BEBA62D00CF64DC /* Assets.xcassets in Resources */ = {isa = PBXBuildFile; fileRef = 3B16F01D2BEBA62D00CF64DC /* Assets.xcassets */; };
		3B16F0212BEBA62D00CF64DC /* Base in Resources */ = {isa = PBXBuildFile; fileRef = 3B16F0202BEBA62D00CF64DC /* Base */; };
		3B16F02C2BEBA62E00CF64DC /* BikeSpotterTests.swift in Sources */ = {isa = PBXBuildFile; fileRef = 3B16F02B2BEBA62E00CF64DC /* BikeSpotterTests.swift */; };
		3B16F0362BEBA62E00CF64DC /* BikeSpotterUITests.swift in Sources */ = {isa = PBXBuildFile; fileRef = 3B16F0352BEBA62E00CF64DC /* BikeSpotterUITests.swift */; };
		3B16F0382BEBA62E00CF64DC /* BikeSpotterUITestsLaunchTests.swift in Sources */ = {isa = PBXBuildFile; fileRef = 3B16F0372BEBA62E00CF64DC /* BikeSpotterUITestsLaunchTests.swift */; };
		3B16F04C2BEBBDE800CF64DC /* StationListScreen.swift in Sources */ = {isa = PBXBuildFile; fileRef = 3B16F04B2BEBBDE800CF64DC /* StationListScreen.swift */; };
		3B16F0502BEBBE1D00CF64DC /* StationListViewModel.swift in Sources */ = {isa = PBXBuildFile; fileRef = 3B16F04F2BEBBE1D00CF64DC /* StationListViewModel.swift */; };
		3B8BEDB42BEDE7BF004B1064 /* Asset.swift in Sources */ = {isa = PBXBuildFile; fileRef = 3B8BEDB32BEDE7BF004B1064 /* Asset.swift */; };
		3B8BEDBD2BEDF746004B1064 /* StationDetailMapScreen.swift in Sources */ = {isa = PBXBuildFile; fileRef = 3B8BEDBC2BEDF746004B1064 /* StationDetailMapScreen.swift */; };
		3B8BEDBF2BEDF771004B1064 /* StationDetailMapViewModel.swift in Sources */ = {isa = PBXBuildFile; fileRef = 3B8BEDBE2BEDF771004B1064 /* StationDetailMapViewModel.swift */; };
		3B95A8CE2BEE2BCE003F52F5 /* StationListViewCell.swift in Sources */ = {isa = PBXBuildFile; fileRef = 3B95A8CD2BEE2BCE003F52F5 /* StationListViewCell.swift */; };
		3B95A8D22BEE3667003F52F5 /* Api.swift in Sources */ = {isa = PBXBuildFile; fileRef = 3B95A8D12BEE3667003F52F5 /* Api.swift */; };
		3B95A8D52BEE36A4003F52F5 /* StationInformationModel.swift in Sources */ = {isa = PBXBuildFile; fileRef = 3B95A8D42BEE36A4003F52F5 /* StationInformationModel.swift */; };
		3B95A8D72BEE3760003F52F5 /* ApiError.swift in Sources */ = {isa = PBXBuildFile; fileRef = 3B95A8D62BEE3760003F52F5 /* ApiError.swift */; };
		3B95A8D92BEF48D5003F52F5 /* StationStatusModel.swift in Sources */ = {isa = PBXBuildFile; fileRef = 3B95A8D82BEF48D5003F52F5 /* StationStatusModel.swift */; };
		3B95A8DB2BEF4C24003F52F5 /* StationData.swift in Sources */ = {isa = PBXBuildFile; fileRef = 3B95A8DA2BEF4C24003F52F5 /* StationData.swift */; };
		3B95A8DD2BEFDCDB003F52F5 /* StationAnnotationPinView.swift in Sources */ = {isa = PBXBuildFile; fileRef = 3B95A8DC2BEFDCDB003F52F5 /* StationAnnotationPinView.swift */; };
		3B95A8E32BF09EA6003F52F5 /* Location.swift in Sources */ = {isa = PBXBuildFile; fileRef = 3B95A8E22BF09EA6003F52F5 /* Location.swift */; };
		3B95A8E82BF0AE8E003F52F5 /* Sign.swift in Sources */ = {isa = PBXBuildFile; fileRef = 3B95A8E72BF0AE8E003F52F5 /* Sign.swift */; };
		3B95A8EA2BF0B141003F52F5 /* LoadingView.swift in Sources */ = {isa = PBXBuildFile; fileRef = 3B95A8E92BF0B141003F52F5 /* LoadingView.swift */; };
		3B95A8EC2BF0B602003F52F5 /* StationListCellViewModel.swift in Sources */ = {isa = PBXBuildFile; fileRef = 3B95A8EB2BF0B602003F52F5 /* StationListCellViewModel.swift */; };
		3B95A8EE2BF111E6003F52F5 /* StationDetailView.swift in Sources */ = {isa = PBXBuildFile; fileRef = 3B95A8ED2BF111E6003F52F5 /* StationDetailView.swift */; };
		3B95A8F02BF113E0003F52F5 /* StationDetailViewModel.swift in Sources */ = {isa = PBXBuildFile; fileRef = 3B95A8EF2BF113E0003F52F5 /* StationDetailViewModel.swift */; };
		3B95A8F22BF1273F003F52F5 /* Translations.swift in Sources */ = {isa = PBXBuildFile; fileRef = 3B95A8F12BF1273F003F52F5 /* Translations.swift */; };
		3B95A8F42BF12775003F52F5 /* Localizable.xcstrings in Resources */ = {isa = PBXBuildFile; fileRef = 3B95A8F32BF12775003F52F5 /* Localizable.xcstrings */; };
		3B95A8F62BF12AB9003F52F5 /* ApiMapper.swift in Sources */ = {isa = PBXBuildFile; fileRef = 3B95A8F52BF12AB9003F52F5 /* ApiMapper.swift */; };
		3B95A8F82BF13893003F52F5 /* MapPinView.swift in Sources */ = {isa = PBXBuildFile; fileRef = 3B95A8F72BF13893003F52F5 /* MapPinView.swift */; };
		3BA456652BF7787B0039368A /* StationListTest.swift in Sources */ = {isa = PBXBuildFile; fileRef = 3BA456642BF7787B0039368A /* StationListTest.swift */; };
/* End PBXBuildFile section */

/* Begin PBXContainerItemProxy section */
		3B16F0282BEBA62E00CF64DC /* PBXContainerItemProxy */ = {
			isa = PBXContainerItemProxy;
			containerPortal = 3B16F0092BEBA62900CF64DC /* Project object */;
			proxyType = 1;
			remoteGlobalIDString = 3B16F0102BEBA62900CF64DC;
			remoteInfo = BikeSpotter;
		};
		3B16F0322BEBA62E00CF64DC /* PBXContainerItemProxy */ = {
			isa = PBXContainerItemProxy;
			containerPortal = 3B16F0092BEBA62900CF64DC /* Project object */;
			proxyType = 1;
			remoteGlobalIDString = 3B16F0102BEBA62900CF64DC;
			remoteInfo = BikeSpotter;
		};
/* End PBXContainerItemProxy section */

/* Begin PBXFileReference section */
		3B16F0112BEBA62900CF64DC /* BikeSpotter.app */ = {isa = PBXFileReference; explicitFileType = wrapper.application; includeInIndex = 0; path = BikeSpotter.app; sourceTree = BUILT_PRODUCTS_DIR; };
		3B16F0142BEBA62900CF64DC /* AppDelegate.swift */ = {isa = PBXFileReference; lastKnownFileType = sourcecode.swift; path = AppDelegate.swift; sourceTree = "<group>"; };
		3B16F0162BEBA62900CF64DC /* SceneDelegate.swift */ = {isa = PBXFileReference; lastKnownFileType = sourcecode.swift; path = SceneDelegate.swift; sourceTree = "<group>"; };
		3B16F01D2BEBA62D00CF64DC /* Assets.xcassets */ = {isa = PBXFileReference; lastKnownFileType = folder.assetcatalog; path = Assets.xcassets; sourceTree = "<group>"; };
		3B16F0202BEBA62D00CF64DC /* Base */ = {isa = PBXFileReference; lastKnownFileType = file.storyboard; name = Base; path = Base.lproj/LaunchScreen.storyboard; sourceTree = "<group>"; };
		3B16F0222BEBA62D00CF64DC /* Info.plist */ = {isa = PBXFileReference; lastKnownFileType = text.plist.xml; path = Info.plist; sourceTree = "<group>"; };
		3B16F0272BEBA62E00CF64DC /* BikeSpotterTests.xctest */ = {isa = PBXFileReference; explicitFileType = wrapper.cfbundle; includeInIndex = 0; path = BikeSpotterTests.xctest; sourceTree = BUILT_PRODUCTS_DIR; };
		3B16F02B2BEBA62E00CF64DC /* BikeSpotterTests.swift */ = {isa = PBXFileReference; lastKnownFileType = sourcecode.swift; path = BikeSpotterTests.swift; sourceTree = "<group>"; };
		3B16F0312BEBA62E00CF64DC /* BikeSpotterUITests.xctest */ = {isa = PBXFileReference; explicitFileType = wrapper.cfbundle; includeInIndex = 0; path = BikeSpotterUITests.xctest; sourceTree = BUILT_PRODUCTS_DIR; };
		3B16F0352BEBA62E00CF64DC /* BikeSpotterUITests.swift */ = {isa = PBXFileReference; lastKnownFileType = sourcecode.swift; path = BikeSpotterUITests.swift; sourceTree = "<group>"; };
		3B16F0372BEBA62E00CF64DC /* BikeSpotterUITestsLaunchTests.swift */ = {isa = PBXFileReference; lastKnownFileType = sourcecode.swift; path = BikeSpotterUITestsLaunchTests.swift; sourceTree = "<group>"; };
		3B16F04B2BEBBDE800CF64DC /* StationListScreen.swift */ = {isa = PBXFileReference; lastKnownFileType = sourcecode.swift; path = StationListScreen.swift; sourceTree = "<group>"; };
		3B16F04F2BEBBE1D00CF64DC /* StationListViewModel.swift */ = {isa = PBXFileReference; lastKnownFileType = sourcecode.swift; path = StationListViewModel.swift; sourceTree = "<group>"; };
		3B8BEDB32BEDE7BF004B1064 /* Asset.swift */ = {isa = PBXFileReference; lastKnownFileType = sourcecode.swift; path = Asset.swift; sourceTree = "<group>"; };
		3B8BEDBC2BEDF746004B1064 /* StationDetailMapScreen.swift */ = {isa = PBXFileReference; lastKnownFileType = sourcecode.swift; path = StationDetailMapScreen.swift; sourceTree = "<group>"; };
		3B8BEDBE2BEDF771004B1064 /* StationDetailMapViewModel.swift */ = {isa = PBXFileReference; lastKnownFileType = sourcecode.swift; path = StationDetailMapViewModel.swift; sourceTree = "<group>"; };
		3B95A8CD2BEE2BCE003F52F5 /* StationListViewCell.swift */ = {isa = PBXFileReference; lastKnownFileType = sourcecode.swift; path = StationListViewCell.swift; sourceTree = "<group>"; };
		3B95A8D12BEE3667003F52F5 /* Api.swift */ = {isa = PBXFileReference; lastKnownFileType = sourcecode.swift; path = Api.swift; sourceTree = "<group>"; };
		3B95A8D42BEE36A4003F52F5 /* StationInformationModel.swift */ = {isa = PBXFileReference; lastKnownFileType = sourcecode.swift; path = StationInformationModel.swift; sourceTree = "<group>"; };
		3B95A8D62BEE3760003F52F5 /* ApiError.swift */ = {isa = PBXFileReference; lastKnownFileType = sourcecode.swift; path = ApiError.swift; sourceTree = "<group>"; };
		3B95A8D82BEF48D5003F52F5 /* StationStatusModel.swift */ = {isa = PBXFileReference; lastKnownFileType = sourcecode.swift; path = StationStatusModel.swift; sourceTree = "<group>"; };
		3B95A8DA2BEF4C24003F52F5 /* StationData.swift */ = {isa = PBXFileReference; lastKnownFileType = sourcecode.swift; path = StationData.swift; sourceTree = "<group>"; };
		3B95A8DC2BEFDCDB003F52F5 /* StationAnnotationPinView.swift */ = {isa = PBXFileReference; lastKnownFileType = sourcecode.swift; path = StationAnnotationPinView.swift; sourceTree = "<group>"; };
		3B95A8E22BF09EA6003F52F5 /* Location.swift */ = {isa = PBXFileReference; lastKnownFileType = sourcecode.swift; path = Location.swift; sourceTree = "<group>"; };
		3B95A8E72BF0AE8E003F52F5 /* Sign.swift */ = {isa = PBXFileReference; lastKnownFileType = sourcecode.swift; path = Sign.swift; sourceTree = "<group>"; };
		3B95A8E92BF0B141003F52F5 /* LoadingView.swift */ = {isa = PBXFileReference; lastKnownFileType = sourcecode.swift; path = LoadingView.swift; sourceTree = "<group>"; };
		3B95A8EB2BF0B602003F52F5 /* StationListCellViewModel.swift */ = {isa = PBXFileReference; lastKnownFileType = sourcecode.swift; path = StationListCellViewModel.swift; sourceTree = "<group>"; };
		3B95A8ED2BF111E6003F52F5 /* StationDetailView.swift */ = {isa = PBXFileReference; lastKnownFileType = sourcecode.swift; path = StationDetailView.swift; sourceTree = "<group>"; };
		3B95A8EF2BF113E0003F52F5 /* StationDetailViewModel.swift */ = {isa = PBXFileReference; lastKnownFileType = sourcecode.swift; path = StationDetailViewModel.swift; sourceTree = "<group>"; };
		3B95A8F12BF1273F003F52F5 /* Translations.swift */ = {isa = PBXFileReference; lastKnownFileType = sourcecode.swift; path = Translations.swift; sourceTree = "<group>"; };
		3B95A8F32BF12775003F52F5 /* Localizable.xcstrings */ = {isa = PBXFileReference; lastKnownFileType = text.json.xcstrings; path = Localizable.xcstrings; sourceTree = "<group>"; };
		3B95A8F52BF12AB9003F52F5 /* ApiMapper.swift */ = {isa = PBXFileReference; lastKnownFileType = sourcecode.swift; path = ApiMapper.swift; sourceTree = "<group>"; };
		3B95A8F72BF13893003F52F5 /* MapPinView.swift */ = {isa = PBXFileReference; lastKnownFileType = sourcecode.swift; path = MapPinView.swift; sourceTree = "<group>"; };
		3BA456642BF7787B0039368A /* StationListTest.swift */ = {isa = PBXFileReference; lastKnownFileType = sourcecode.swift; path = StationListTest.swift; sourceTree = "<group>"; };
/* End PBXFileReference section */

/* Begin PBXFrameworksBuildPhase section */
		3B16F00E2BEBA62900CF64DC /* Frameworks */ = {
			isa = PBXFrameworksBuildPhase;
			buildActionMask = 2147483647;
			files = (
			);
			runOnlyForDeploymentPostprocessing = 0;
		};
		3B16F0242BEBA62E00CF64DC /* Frameworks */ = {
			isa = PBXFrameworksBuildPhase;
			buildActionMask = 2147483647;
			files = (
			);
			runOnlyForDeploymentPostprocessing = 0;
		};
		3B16F02E2BEBA62E00CF64DC /* Frameworks */ = {
			isa = PBXFrameworksBuildPhase;
			buildActionMask = 2147483647;
			files = (
			);
			runOnlyForDeploymentPostprocessing = 0;
		};
/* End PBXFrameworksBuildPhase section */

/* Begin PBXGroup section */
		3B16F0082BEBA62900CF64DC = {
			isa = PBXGroup;
			children = (
				3B16F0132BEBA62900CF64DC /* BikeSpotter */,
				3B16F02A2BEBA62E00CF64DC /* BikeSpotterTests */,
				3B16F0342BEBA62E00CF64DC /* BikeSpotterUITests */,
				3B16F0122BEBA62900CF64DC /* Products */,
			);
			sourceTree = "<group>";
		};
		3B16F0122BEBA62900CF64DC /* Products */ = {
			isa = PBXGroup;
			children = (
				3B16F0112BEBA62900CF64DC /* BikeSpotter.app */,
				3B16F0272BEBA62E00CF64DC /* BikeSpotterTests.xctest */,
				3B16F0312BEBA62E00CF64DC /* BikeSpotterUITests.xctest */,
			);
			name = Products;
			sourceTree = "<group>";
		};
		3B16F0132BEBA62900CF64DC /* BikeSpotter */ = {
			isa = PBXGroup;
			children = (
				3B8BEDB22BEDE7B2004B1064 /* Common */,
				3B95A8CF2BEE3653003F52F5 /* Services */,
				3B8BEDB82BEDF721004B1064 /* StationDetailMapFeature */,
				3B16F0442BEBA68B00CF64DC /* StationListFeature */,
				3B16F0142BEBA62900CF64DC /* AppDelegate.swift */,
				3B16F0162BEBA62900CF64DC /* SceneDelegate.swift */,
				3B16F01D2BEBA62D00CF64DC /* Assets.xcassets */,
				3B16F01F2BEBA62D00CF64DC /* LaunchScreen.storyboard */,
				3B16F0222BEBA62D00CF64DC /* Info.plist */,
			);
			path = BikeSpotter;
			sourceTree = "<group>";
		};
		3B16F02A2BEBA62E00CF64DC /* BikeSpotterTests */ = {
			isa = PBXGroup;
			children = (
				3B16F02B2BEBA62E00CF64DC /* BikeSpotterTests.swift */,
				3BA456642BF7787B0039368A /* StationListTest.swift */,
			);
			path = BikeSpotterTests;
			sourceTree = "<group>";
		};
		3B16F0342BEBA62E00CF64DC /* BikeSpotterUITests */ = {
			isa = PBXGroup;
			children = (
				3B16F0352BEBA62E00CF64DC /* BikeSpotterUITests.swift */,
				3B16F0372BEBA62E00CF64DC /* BikeSpotterUITestsLaunchTests.swift */,
			);
			path = BikeSpotterUITests;
			sourceTree = "<group>";
		};
		3B16F0442BEBA68B00CF64DC /* StationListFeature */ = {
			isa = PBXGroup;
			children = (
				3B16F0482BEBBDAB00CF64DC /* ViewModel */,
				3B16F0472BEBBDA600CF64DC /* View */,
			);
			path = StationListFeature;
			sourceTree = "<group>";
		};
		3B16F0472BEBBDA600CF64DC /* View */ = {
			isa = PBXGroup;
			children = (
				3B16F04B2BEBBDE800CF64DC /* StationListScreen.swift */,
				3B95A8CD2BEE2BCE003F52F5 /* StationListViewCell.swift */,
				3B95A8E92BF0B141003F52F5 /* LoadingView.swift */,
			);
			path = View;
			sourceTree = "<group>";
		};
		3B16F0482BEBBDAB00CF64DC /* ViewModel */ = {
			isa = PBXGroup;
			children = (
				3B16F04F2BEBBE1D00CF64DC /* StationListViewModel.swift */,
				3B95A8EB2BF0B602003F52F5 /* StationListCellViewModel.swift */,
			);
			path = ViewModel;
			sourceTree = "<group>";
		};
		3B8BEDB22BEDE7B2004B1064 /* Common */ = {
			isa = PBXGroup;
			children = (
				3B8BEDB32BEDE7BF004B1064 /* Asset.swift */,
				3B95A8E72BF0AE8E003F52F5 /* Sign.swift */,
				3B95A8F12BF1273F003F52F5 /* Translations.swift */,
				3B95A8F32BF12775003F52F5 /* Localizable.xcstrings */,
			);
			path = Common;
			sourceTree = "<group>";
		};
		3B8BEDB82BEDF721004B1064 /* StationDetailMapFeature */ = {
			isa = PBXGroup;
			children = (
				3B8BEDBB2BEDF739004B1064 /* ViewModel */,
				3B8BEDBA2BEDF733004B1064 /* View */,
			);
			path = StationDetailMapFeature;
			sourceTree = "<group>";
		};
		3B8BEDBA2BEDF733004B1064 /* View */ = {
			isa = PBXGroup;
			children = (
				3B8BEDBC2BEDF746004B1064 /* StationDetailMapScreen.swift */,
				3B95A8DC2BEFDCDB003F52F5 /* StationAnnotationPinView.swift */,
				3B95A8ED2BF111E6003F52F5 /* StationDetailView.swift */,
				3B95A8F72BF13893003F52F5 /* MapPinView.swift */,
			);
			path = View;
			sourceTree = "<group>";
		};
		3B8BEDBB2BEDF739004B1064 /* ViewModel */ = {
			isa = PBXGroup;
			children = (
				3B8BEDBE2BEDF771004B1064 /* StationDetailMapViewModel.swift */,
				3B95A8EF2BF113E0003F52F5 /* StationDetailViewModel.swift */,
			);
			path = ViewModel;
			sourceTree = "<group>";
		};
		3B95A8CF2BEE3653003F52F5 /* Services */ = {
			isa = PBXGroup;
			children = (
				3B95A8E12BF09E95003F52F5 /* Location */,
				3B95A8D32BEE3698003F52F5 /* Models */,
				3B95A8D02BEE3657003F52F5 /* API */,
			);
			path = Services;
			sourceTree = "<group>";
		};
		3B95A8D02BEE3657003F52F5 /* API */ = {
			isa = PBXGroup;
			children = (
				3B95A8D12BEE3667003F52F5 /* Api.swift */,
				3B95A8F52BF12AB9003F52F5 /* ApiMapper.swift */,
			);
			path = API;
			sourceTree = "<group>";
		};
		3B95A8D32BEE3698003F52F5 /* Models */ = {
			isa = PBXGroup;
			children = (
				3B95A8D62BEE3760003F52F5 /* ApiError.swift */,
				3B95A8D42BEE36A4003F52F5 /* StationInformationModel.swift */,
				3B95A8D82BEF48D5003F52F5 /* StationStatusModel.swift */,
				3B95A8DA2BEF4C24003F52F5 /* StationData.swift */,
			);
			path = Models;
			sourceTree = "<group>";
		};
		3B95A8E12BF09E95003F52F5 /* Location */ = {
			isa = PBXGroup;
			children = (
				3B95A8E22BF09EA6003F52F5 /* Location.swift */,
			);
			path = Location;
			sourceTree = "<group>";
		};
/* End PBXGroup section */

/* Begin PBXNativeTarget section */
		3B16F0102BEBA62900CF64DC /* BikeSpotter */ = {
			isa = PBXNativeTarget;
			buildConfigurationList = 3B16F03B2BEBA62E00CF64DC /* Build configuration list for PBXNativeTarget "BikeSpotter" */;
			buildPhases = (
				3B16F00D2BEBA62900CF64DC /* Sources */,
				3B16F00E2BEBA62900CF64DC /* Frameworks */,
				3B16F00F2BEBA62900CF64DC /* Resources */,
			);
			buildRules = (
			);
			dependencies = (
			);
			name = BikeSpotter;
			productName = BikeSpotter;
			productReference = 3B16F0112BEBA62900CF64DC /* BikeSpotter.app */;
			productType = "com.apple.product-type.application";
		};
		3B16F0262BEBA62E00CF64DC /* BikeSpotterTests */ = {
			isa = PBXNativeTarget;
			buildConfigurationList = 3B16F03E2BEBA62E00CF64DC /* Build configuration list for PBXNativeTarget "BikeSpotterTests" */;
			buildPhases = (
				3B16F0232BEBA62E00CF64DC /* Sources */,
				3B16F0242BEBA62E00CF64DC /* Frameworks */,
				3B16F0252BEBA62E00CF64DC /* Resources */,
			);
			buildRules = (
			);
			dependencies = (
				3B16F0292BEBA62E00CF64DC /* PBXTargetDependency */,
			);
			name = BikeSpotterTests;
			productName = BikeSpotterTests;
			productReference = 3B16F0272BEBA62E00CF64DC /* BikeSpotterTests.xctest */;
			productType = "com.apple.product-type.bundle.unit-test";
		};
		3B16F0302BEBA62E00CF64DC /* BikeSpotterUITests */ = {
			isa = PBXNativeTarget;
			buildConfigurationList = 3B16F0412BEBA62E00CF64DC /* Build configuration list for PBXNativeTarget "BikeSpotterUITests" */;
			buildPhases = (
				3B16F02D2BEBA62E00CF64DC /* Sources */,
				3B16F02E2BEBA62E00CF64DC /* Frameworks */,
				3B16F02F2BEBA62E00CF64DC /* Resources */,
			);
			buildRules = (
			);
			dependencies = (
				3B16F0332BEBA62E00CF64DC /* PBXTargetDependency */,
			);
			name = BikeSpotterUITests;
			productName = BikeSpotterUITests;
			productReference = 3B16F0312BEBA62E00CF64DC /* BikeSpotterUITests.xctest */;
			productType = "com.apple.product-type.bundle.ui-testing";
		};
/* End PBXNativeTarget section */

/* Begin PBXProject section */
		3B16F0092BEBA62900CF64DC /* Project object */ = {
			isa = PBXProject;
			attributes = {
				BuildIndependentTargetsInParallel = 1;
				LastSwiftUpdateCheck = 1530;
				LastUpgradeCheck = 1530;
				TargetAttributes = {
					3B16F0102BEBA62900CF64DC = {
						CreatedOnToolsVersion = 15.3;
					};
					3B16F0262BEBA62E00CF64DC = {
						CreatedOnToolsVersion = 15.3;
						TestTargetID = 3B16F0102BEBA62900CF64DC;
					};
					3B16F0302BEBA62E00CF64DC = {
						CreatedOnToolsVersion = 15.3;
						TestTargetID = 3B16F0102BEBA62900CF64DC;
					};
				};
			};
			buildConfigurationList = 3B16F00C2BEBA62900CF64DC /* Build configuration list for PBXProject "BikeSpotter" */;
			compatibilityVersion = "Xcode 14.0";
			developmentRegion = en;
			hasScannedForEncodings = 0;
			knownRegions = (
				en,
				Base,
			);
			mainGroup = 3B16F0082BEBA62900CF64DC;
			productRefGroup = 3B16F0122BEBA62900CF64DC /* Products */;
			projectDirPath = "";
			projectRoot = "";
			targets = (
				3B16F0102BEBA62900CF64DC /* BikeSpotter */,
				3B16F0262BEBA62E00CF64DC /* BikeSpotterTests */,
				3B16F0302BEBA62E00CF64DC /* BikeSpotterUITests */,
			);
		};
/* End PBXProject section */

/* Begin PBXResourcesBuildPhase section */
		3B16F00F2BEBA62900CF64DC /* Resources */ = {
			isa = PBXResourcesBuildPhase;
			buildActionMask = 2147483647;
			files = (
				3B16F01E2BEBA62D00CF64DC /* Assets.xcassets in Resources */,
				3B16F0212BEBA62D00CF64DC /* Base in Resources */,
				3B95A8F42BF12775003F52F5 /* Localizable.xcstrings in Resources */,
			);
			runOnlyForDeploymentPostprocessing = 0;
		};
		3B16F0252BEBA62E00CF64DC /* Resources */ = {
			isa = PBXResourcesBuildPhase;
			buildActionMask = 2147483647;
			files = (
			);
			runOnlyForDeploymentPostprocessing = 0;
		};
		3B16F02F2BEBA62E00CF64DC /* Resources */ = {
			isa = PBXResourcesBuildPhase;
			buildActionMask = 2147483647;
			files = (
			);
			runOnlyForDeploymentPostprocessing = 0;
		};
/* End PBXResourcesBuildPhase section */

/* Begin PBXSourcesBuildPhase section */
		3B16F00D2BEBA62900CF64DC /* Sources */ = {
			isa = PBXSourcesBuildPhase;
			buildActionMask = 2147483647;
			files = (
				3B8BEDB42BEDE7BF004B1064 /* Asset.swift in Sources */,
				3B95A8CE2BEE2BCE003F52F5 /* StationListViewCell.swift in Sources */,
				3B95A8EC2BF0B602003F52F5 /* StationListCellViewModel.swift in Sources */,
				3B95A8DB2BEF4C24003F52F5 /* StationData.swift in Sources */,
				3B95A8EA2BF0B141003F52F5 /* LoadingView.swift in Sources */,
				3B95A8D72BEE3760003F52F5 /* ApiError.swift in Sources */,
				3B16F04C2BEBBDE800CF64DC /* StationListScreen.swift in Sources */,
				3B8BEDBD2BEDF746004B1064 /* StationDetailMapScreen.swift in Sources */,
				3B95A8F22BF1273F003F52F5 /* Translations.swift in Sources */,
				3B95A8D52BEE36A4003F52F5 /* StationInformationModel.swift in Sources */,
				3B16F0152BEBA62900CF64DC /* AppDelegate.swift in Sources */,
				3B16F0502BEBBE1D00CF64DC /* StationListViewModel.swift in Sources */,
				3B95A8D92BEF48D5003F52F5 /* StationStatusModel.swift in Sources */,
				3B16F0172BEBA62900CF64DC /* SceneDelegate.swift in Sources */,
				3B95A8E32BF09EA6003F52F5 /* Location.swift in Sources */,
				3B95A8F62BF12AB9003F52F5 /* ApiMapper.swift in Sources */,
				3B95A8F82BF13893003F52F5 /* MapPinView.swift in Sources */,
				3B95A8F02BF113E0003F52F5 /* StationDetailViewModel.swift in Sources */,
				3B95A8EE2BF111E6003F52F5 /* StationDetailView.swift in Sources */,
				3B8BEDBF2BEDF771004B1064 /* StationDetailMapViewModel.swift in Sources */,
				3B95A8E82BF0AE8E003F52F5 /* Sign.swift in Sources */,
				3B95A8D22BEE3667003F52F5 /* Api.swift in Sources */,
				3B95A8DD2BEFDCDB003F52F5 /* StationAnnotationPinView.swift in Sources */,
			);
			runOnlyForDeploymentPostprocessing = 0;
		};
		3B16F0232BEBA62E00CF64DC /* Sources */ = {
			isa = PBXSourcesBuildPhase;
			buildActionMask = 2147483647;
			files = (
				3BA456652BF7787B0039368A /* StationListTest.swift in Sources */,
				3B16F02C2BEBA62E00CF64DC /* BikeSpotterTests.swift in Sources */,
			);
			runOnlyForDeploymentPostprocessing = 0;
		};
		3B16F02D2BEBA62E00CF64DC /* Sources */ = {
			isa = PBXSourcesBuildPhase;
			buildActionMask = 2147483647;
			files = (
				3B16F0362BEBA62E00CF64DC /* BikeSpotterUITests.swift in Sources */,
				3B16F0382BEBA62E00CF64DC /* BikeSpotterUITestsLaunchTests.swift in Sources */,
			);
			runOnlyForDeploymentPostprocessing = 0;
		};
/* End PBXSourcesBuildPhase section */

/* Begin PBXTargetDependency section */
		3B16F0292BEBA62E00CF64DC /* PBXTargetDependency */ = {
			isa = PBXTargetDependency;
			target = 3B16F0102BEBA62900CF64DC /* BikeSpotter */;
			targetProxy = 3B16F0282BEBA62E00CF64DC /* PBXContainerItemProxy */;
		};
		3B16F0332BEBA62E00CF64DC /* PBXTargetDependency */ = {
			isa = PBXTargetDependency;
			target = 3B16F0102BEBA62900CF64DC /* BikeSpotter */;
			targetProxy = 3B16F0322BEBA62E00CF64DC /* PBXContainerItemProxy */;
		};
/* End PBXTargetDependency section */

/* Begin PBXVariantGroup section */
		3B16F01F2BEBA62D00CF64DC /* LaunchScreen.storyboard */ = {
			isa = PBXVariantGroup;
			children = (
				3B16F0202BEBA62D00CF64DC /* Base */,
			);
			name = LaunchScreen.storyboard;
			sourceTree = "<group>";
		};
/* End PBXVariantGroup section */

/* Begin XCBuildConfiguration section */
		3B16F0392BEBA62E00CF64DC /* Debug */ = {
			isa = XCBuildConfiguration;
			buildSettings = {
				ALWAYS_SEARCH_USER_PATHS = NO;
				ASSETCATALOG_COMPILER_GENERATE_SWIFT_ASSET_SYMBOL_EXTENSIONS = YES;
				CLANG_ANALYZER_NONNULL = YES;
				CLANG_ANALYZER_NUMBER_OBJECT_CONVERSION = YES_AGGRESSIVE;
				CLANG_CXX_LANGUAGE_STANDARD = "gnu++20";
				CLANG_ENABLE_MODULES = YES;
				CLANG_ENABLE_OBJC_ARC = YES;
				CLANG_ENABLE_OBJC_WEAK = YES;
				CLANG_WARN_BLOCK_CAPTURE_AUTORELEASING = YES;
				CLANG_WARN_BOOL_CONVERSION = YES;
				CLANG_WARN_COMMA = YES;
				CLANG_WARN_CONSTANT_CONVERSION = YES;
				CLANG_WARN_DEPRECATED_OBJC_IMPLEMENTATIONS = YES;
				CLANG_WARN_DIRECT_OBJC_ISA_USAGE = YES_ERROR;
				CLANG_WARN_DOCUMENTATION_COMMENTS = YES;
				CLANG_WARN_EMPTY_BODY = YES;
				CLANG_WARN_ENUM_CONVERSION = YES;
				CLANG_WARN_INFINITE_RECURSION = YES;
				CLANG_WARN_INT_CONVERSION = YES;
				CLANG_WARN_NON_LITERAL_NULL_CONVERSION = YES;
				CLANG_WARN_OBJC_IMPLICIT_RETAIN_SELF = YES;
				CLANG_WARN_OBJC_LITERAL_CONVERSION = YES;
				CLANG_WARN_OBJC_ROOT_CLASS = YES_ERROR;
				CLANG_WARN_QUOTED_INCLUDE_IN_FRAMEWORK_HEADER = YES;
				CLANG_WARN_RANGE_LOOP_ANALYSIS = YES;
				CLANG_WARN_STRICT_PROTOTYPES = YES;
				CLANG_WARN_SUSPICIOUS_MOVE = YES;
				CLANG_WARN_UNGUARDED_AVAILABILITY = YES_AGGRESSIVE;
				CLANG_WARN_UNREACHABLE_CODE = YES;
				CLANG_WARN__DUPLICATE_METHOD_MATCH = YES;
				COPY_PHASE_STRIP = NO;
				DEBUG_INFORMATION_FORMAT = dwarf;
				ENABLE_STRICT_OBJC_MSGSEND = YES;
				ENABLE_TESTABILITY = YES;
				ENABLE_USER_SCRIPT_SANDBOXING = YES;
				GCC_C_LANGUAGE_STANDARD = gnu17;
				GCC_DYNAMIC_NO_PIC = NO;
				GCC_NO_COMMON_BLOCKS = YES;
				GCC_OPTIMIZATION_LEVEL = 0;
				GCC_PREPROCESSOR_DEFINITIONS = (
					"DEBUG=1",
					"$(inherited)",
				);
				GCC_WARN_64_TO_32_BIT_CONVERSION = YES;
				GCC_WARN_ABOUT_RETURN_TYPE = YES_ERROR;
				GCC_WARN_UNDECLARED_SELECTOR = YES;
				GCC_WARN_UNINITIALIZED_AUTOS = YES_AGGRESSIVE;
				GCC_WARN_UNUSED_FUNCTION = YES;
				GCC_WARN_UNUSED_VARIABLE = YES;
				IPHONEOS_DEPLOYMENT_TARGET = 17.4;
				LOCALIZATION_PREFERS_STRING_CATALOGS = YES;
				MTL_ENABLE_DEBUG_INFO = INCLUDE_SOURCE;
				MTL_FAST_MATH = YES;
				ONLY_ACTIVE_ARCH = YES;
				SDKROOT = iphoneos;
				SWIFT_ACTIVE_COMPILATION_CONDITIONS = "DEBUG $(inherited)";
				SWIFT_OPTIMIZATION_LEVEL = "-Onone";
			};
			name = Debug;
		};
		3B16F03A2BEBA62E00CF64DC /* Release */ = {
			isa = XCBuildConfiguration;
			buildSettings = {
				ALWAYS_SEARCH_USER_PATHS = NO;
				ASSETCATALOG_COMPILER_GENERATE_SWIFT_ASSET_SYMBOL_EXTENSIONS = YES;
				CLANG_ANALYZER_NONNULL = YES;
				CLANG_ANALYZER_NUMBER_OBJECT_CONVERSION = YES_AGGRESSIVE;
				CLANG_CXX_LANGUAGE_STANDARD = "gnu++20";
				CLANG_ENABLE_MODULES = YES;
				CLANG_ENABLE_OBJC_ARC = YES;
				CLANG_ENABLE_OBJC_WEAK = YES;
				CLANG_WARN_BLOCK_CAPTURE_AUTORELEASING = YES;
				CLANG_WARN_BOOL_CONVERSION = YES;
				CLANG_WARN_COMMA = YES;
				CLANG_WARN_CONSTANT_CONVERSION = YES;
				CLANG_WARN_DEPRECATED_OBJC_IMPLEMENTATIONS = YES;
				CLANG_WARN_DIRECT_OBJC_ISA_USAGE = YES_ERROR;
				CLANG_WARN_DOCUMENTATION_COMMENTS = YES;
				CLANG_WARN_EMPTY_BODY = YES;
				CLANG_WARN_ENUM_CONVERSION = YES;
				CLANG_WARN_INFINITE_RECURSION = YES;
				CLANG_WARN_INT_CONVERSION = YES;
				CLANG_WARN_NON_LITERAL_NULL_CONVERSION = YES;
				CLANG_WARN_OBJC_IMPLICIT_RETAIN_SELF = YES;
				CLANG_WARN_OBJC_LITERAL_CONVERSION = YES;
				CLANG_WARN_OBJC_ROOT_CLASS = YES_ERROR;
				CLANG_WARN_QUOTED_INCLUDE_IN_FRAMEWORK_HEADER = YES;
				CLANG_WARN_RANGE_LOOP_ANALYSIS = YES;
				CLANG_WARN_STRICT_PROTOTYPES = YES;
				CLANG_WARN_SUSPICIOUS_MOVE = YES;
				CLANG_WARN_UNGUARDED_AVAILABILITY = YES_AGGRESSIVE;
				CLANG_WARN_UNREACHABLE_CODE = YES;
				CLANG_WARN__DUPLICATE_METHOD_MATCH = YES;
				COPY_PHASE_STRIP = NO;
				DEBUG_INFORMATION_FORMAT = "dwarf-with-dsym";
				ENABLE_NS_ASSERTIONS = NO;
				ENABLE_STRICT_OBJC_MSGSEND = YES;
				ENABLE_USER_SCRIPT_SANDBOXING = YES;
				GCC_C_LANGUAGE_STANDARD = gnu17;
				GCC_NO_COMMON_BLOCKS = YES;
				GCC_WARN_64_TO_32_BIT_CONVERSION = YES;
				GCC_WARN_ABOUT_RETURN_TYPE = YES_ERROR;
				GCC_WARN_UNDECLARED_SELECTOR = YES;
				GCC_WARN_UNINITIALIZED_AUTOS = YES_AGGRESSIVE;
				GCC_WARN_UNUSED_FUNCTION = YES;
				GCC_WARN_UNUSED_VARIABLE = YES;
				IPHONEOS_DEPLOYMENT_TARGET = 17.4;
				LOCALIZATION_PREFERS_STRING_CATALOGS = YES;
				MTL_ENABLE_DEBUG_INFO = NO;
				MTL_FAST_MATH = YES;
				SDKROOT = iphoneos;
				SWIFT_COMPILATION_MODE = wholemodule;
				VALIDATE_PRODUCT = YES;
			};
			name = Release;
		};
		3B16F03C2BEBA62E00CF64DC /* Debug */ = {
			isa = XCBuildConfiguration;
			buildSettings = {
				ASSETCATALOG_COMPILER_APPICON_NAME = AppIcon;
				ASSETCATALOG_COMPILER_GLOBAL_ACCENT_COLOR_NAME = AccentColor;
				CODE_SIGN_STYLE = Automatic;
				CURRENT_PROJECT_VERSION = 1;
				DEVELOPMENT_TEAM = M2L4G26Y74;
				GENERATE_INFOPLIST_FILE = YES;
				INFOPLIST_FILE = BikeSpotter/Info.plist;
				INFOPLIST_KEY_LSApplicationCategoryType = "";
				INFOPLIST_KEY_NSLocationWhenInUseUsageDescription = "BikeSpotter needs locations data to calculate distance to the stations posts and navigate you to them!";
				INFOPLIST_KEY_UIApplicationSupportsIndirectInputEvents = YES;
				INFOPLIST_KEY_UILaunchStoryboardName = LaunchScreen;
				INFOPLIST_KEY_UISupportedInterfaceOrientations = UIInterfaceOrientationPortrait;
				LD_RUNPATH_SEARCH_PATHS = (
					"$(inherited)",
					"@executable_path/Frameworks",
				);
				MARKETING_VERSION = 1.0;
				PRODUCT_BUNDLE_IDENTIFIER = bikespotter.com.BikeSpotter;
				PRODUCT_NAME = "$(TARGET_NAME)";
				SWIFT_EMIT_LOC_STRINGS = YES;
				SWIFT_VERSION = 5.0;
				TARGETED_DEVICE_FAMILY = "1,2";
			};
			name = Debug;
		};
		3B16F03D2BEBA62E00CF64DC /* Release */ = {
			isa = XCBuildConfiguration;
			buildSettings = {
				ASSETCATALOG_COMPILER_APPICON_NAME = AppIcon;
				ASSETCATALOG_COMPILER_GLOBAL_ACCENT_COLOR_NAME = AccentColor;
				CODE_SIGN_STYLE = Automatic;
				CURRENT_PROJECT_VERSION = 1;
				DEVELOPMENT_TEAM = M2L4G26Y74;
				GENERATE_INFOPLIST_FILE = YES;
				INFOPLIST_FILE = BikeSpotter/Info.plist;
				INFOPLIST_KEY_LSApplicationCategoryType = "";
				INFOPLIST_KEY_NSLocationWhenInUseUsageDescription = "BikeSpotter needs locations data to calculate distance to the stations posts and navigate you to them!";
				INFOPLIST_KEY_UIApplicationSupportsIndirectInputEvents = YES;
				INFOPLIST_KEY_UILaunchStoryboardName = LaunchScreen;
				INFOPLIST_KEY_UISupportedInterfaceOrientations = UIInterfaceOrientationPortrait;
				LD_RUNPATH_SEARCH_PATHS = (
					"$(inherited)",
					"@executable_path/Frameworks",
				);
				MARKETING_VERSION = 1.0;
				PRODUCT_BUNDLE_IDENTIFIER = bikespotter.com.BikeSpotter;
				PRODUCT_NAME = "$(TARGET_NAME)";
				SWIFT_EMIT_LOC_STRINGS = YES;
				SWIFT_VERSION = 5.0;
				TARGETED_DEVICE_FAMILY = "1,2";
			};
			name = Release;
		};
		3B16F03F2BEBA62E00CF64DC /* Debug */ = {
			isa = XCBuildConfiguration;
			buildSettings = {
				ALWAYS_EMBED_SWIFT_STANDARD_LIBRARIES = YES;
				BUNDLE_LOADER = "$(TEST_HOST)";
				CODE_SIGN_STYLE = Automatic;
				CURRENT_PROJECT_VERSION = 1;
				DEVELOPMENT_TEAM = M2L4G26Y74;
				GENERATE_INFOPLIST_FILE = YES;
				IPHONEOS_DEPLOYMENT_TARGET = 17.4;
				MARKETING_VERSION = 1.0;
				PRODUCT_BUNDLE_IDENTIFIER = bikespotter.com.BikeSpotterTests;
				PRODUCT_NAME = "$(TARGET_NAME)";
				SWIFT_EMIT_LOC_STRINGS = NO;
				SWIFT_VERSION = 5.0;
				TARGETED_DEVICE_FAMILY = "1,2";
				TEST_HOST = "$(BUILT_PRODUCTS_DIR)/BikeSpotter.app/$(BUNDLE_EXECUTABLE_FOLDER_PATH)/BikeSpotter";
			};
			name = Debug;
		};
		3B16F0402BEBA62E00CF64DC /* Release */ = {
			isa = XCBuildConfiguration;
			buildSettings = {
				ALWAYS_EMBED_SWIFT_STANDARD_LIBRARIES = YES;
				BUNDLE_LOADER = "$(TEST_HOST)";
				CODE_SIGN_STYLE = Automatic;
				CURRENT_PROJECT_VERSION = 1;
				DEVELOPMENT_TEAM = M2L4G26Y74;
				GENERATE_INFOPLIST_FILE = YES;
				IPHONEOS_DEPLOYMENT_TARGET = 17.4;
				MARKETING_VERSION = 1.0;
				PRODUCT_BUNDLE_IDENTIFIER = bikespotter.com.BikeSpotterTests;
				PRODUCT_NAME = "$(TARGET_NAME)";
				SWIFT_EMIT_LOC_STRINGS = NO;
				SWIFT_VERSION = 5.0;
				TARGETED_DEVICE_FAMILY = "1,2";
				TEST_HOST = "$(BUILT_PRODUCTS_DIR)/BikeSpotter.app/$(BUNDLE_EXECUTABLE_FOLDER_PATH)/BikeSpotter";
			};
			name = Release;
		};
		3B16F0422BEBA62E00CF64DC /* Debug */ = {
			isa = XCBuildConfiguration;
			buildSettings = {
				ALWAYS_EMBED_SWIFT_STANDARD_LIBRARIES = YES;
				CODE_SIGN_STYLE = Automatic;
				CURRENT_PROJECT_VERSION = 1;
				DEVELOPMENT_TEAM = M2L4G26Y74;
				GENERATE_INFOPLIST_FILE = YES;
				MARKETING_VERSION = 1.0;
				PRODUCT_BUNDLE_IDENTIFIER = bikespotter.com.BikeSpotterUITests;
				PRODUCT_NAME = "$(TARGET_NAME)";
				SWIFT_EMIT_LOC_STRINGS = NO;
				SWIFT_VERSION = 5.0;
				TARGETED_DEVICE_FAMILY = "1,2";
				TEST_TARGET_NAME = BikeSpotter;
			};
			name = Debug;
		};
		3B16F0432BEBA62E00CF64DC /* Release */ = {
			isa = XCBuildConfiguration;
			buildSettings = {
				ALWAYS_EMBED_SWIFT_STANDARD_LIBRARIES = YES;
				CODE_SIGN_STYLE = Automatic;
				CURRENT_PROJECT_VERSION = 1;
				DEVELOPMENT_TEAM = M2L4G26Y74;
				GENERATE_INFOPLIST_FILE = YES;
				MARKETING_VERSION = 1.0;
				PRODUCT_BUNDLE_IDENTIFIER = bikespotter.com.BikeSpotterUITests;
				PRODUCT_NAME = "$(TARGET_NAME)";
				SWIFT_EMIT_LOC_STRINGS = NO;
				SWIFT_VERSION = 5.0;
				TARGETED_DEVICE_FAMILY = "1,2";
				TEST_TARGET_NAME = BikeSpotter;
			};
			name = Release;
		};
/* End XCBuildConfiguration section */

/* Begin XCConfigurationList section */
		3B16F00C2BEBA62900CF64DC /* Build configuration list for PBXProject "BikeSpotter" */ = {
			isa = XCConfigurationList;
			buildConfigurations = (
				3B16F0392BEBA62E00CF64DC /* Debug */,
				3B16F03A2BEBA62E00CF64DC /* Release */,
			);
			defaultConfigurationIsVisible = 0;
			defaultConfigurationName = Release;
		};
		3B16F03B2BEBA62E00CF64DC /* Build configuration list for PBXNativeTarget "BikeSpotter" */ = {
			isa = XCConfigurationList;
			buildConfigurations = (
				3B16F03C2BEBA62E00CF64DC /* Debug */,
				3B16F03D2BEBA62E00CF64DC /* Release */,
			);
			defaultConfigurationIsVisible = 0;
			defaultConfigurationName = Release;
		};
		3B16F03E2BEBA62E00CF64DC /* Build configuration list for PBXNativeTarget "BikeSpotterTests" */ = {
			isa = XCConfigurationList;
			buildConfigurations = (
				3B16F03F2BEBA62E00CF64DC /* Debug */,
				3B16F0402BEBA62E00CF64DC /* Release */,
			);
			defaultConfigurationIsVisible = 0;
			defaultConfigurationName = Release;
		};
		3B16F0412BEBA62E00CF64DC /* Build configuration list for PBXNativeTarget "BikeSpotterUITests" */ = {
			isa = XCConfigurationList;
			buildConfigurations = (
				3B16F0422BEBA62E00CF64DC /* Debug */,
				3B16F0432BEBA62E00CF64DC /* Release */,
			);
			defaultConfigurationIsVisible = 0;
			defaultConfigurationName = Release;
		};
/* End XCConfigurationList section */
	};
	rootObject = 3B16F0092BEBA62900CF64DC /* Project object */;
}
